
Microsoft Visual Studio Solution File, Format Version 12.00
# Visual Studio 15
VisualStudioVersion = 15.0.28307.271
MinimumVisualStudioVersion = 10.0.40219.1
Project("{FAE04EC0-301F-11D3-BF4B-00C04F79EFBC}") = "TestProgramCrossInform", "TestProgramCrossInform\TestProgramCrossInform.csproj", "{C8CD5FA2-4E0D-44BE-93F0-C72CBEE2D707}"
EndProject
Global
	GlobalSection(SolutionConfigurationPlatforms) = preSolution
		Debug|Any CPU = Debug|Any CPU
		Release|Any CPU = Release|Any CPU
	EndGlobalSection
	GlobalSection(ProjectConfigurationPlatforms) = postSolution
		{C8CD5FA2-4E0D-44BE-93F0-C72CBEE2D707}.Debug|Any CPU.ActiveCfg = Debug|Any CPU
		{C8CD5FA2-4E0D-44BE-93F0-C72CBEE2D707}.Debug|Any CPU.Build.0 = Debug|Any CPU
		{C8CD5FA2-4E0D-44BE-93F0-C72CBEE2D707}.Release|Any CPU.ActiveCfg = Release|Any CPU
		{C8CD5FA2-4E0D-44BE-93F0-C72CBEE2D707}.Release|Any CPU.Build.0 = Release|Any CPU
	EndGlobalSection
	GlobalSection(SolutionProperties) = preSolution
		HideSolutionNode = FALSE
	EndGlobalSection
	GlobalSection(ExtensibilityGlobals) = postSolution
		SolutionGuid = {6344E089-9E0D-4A1C-A2B1-0A5FB7A7D8D8}
	EndGlobalSection
EndGlobal
